
Microsoft Visual Studio Solution File, Format Version 12.00
# Visual Studio Version 17
VisualStudioVersion = 17.14.36310.24
MinimumVisualStudioVersion = 10.0.40219.1
Project("{FAE04EC0-301F-11D3-BF4B-00C04F79EFBC}") = "AIBookSummary", "AIBookSummary\AIBookSummary.csproj", "{AA3EB0E2-AA60-58EF-B162-61D43A1CB69F}"
EndProject
Global
	GlobalSection(SolutionConfigurationPlatforms) = preSolution
		Debug|Any CPU = Debug|Any CPU
		Release|Any CPU = Release|Any CPU
	EndGlobalSection
	GlobalSection(ProjectConfigurationPlatforms) = postSolution
		{AA3EB0E2-AA60-58EF-B162-61D43A1CB69F}.Debug|Any CPU.ActiveCfg = Debug|Any CPU
		{AA3EB0E2-AA60-58EF-B162-61D43A1CB69F}.Debug|Any CPU.Build.0 = Debug|Any CPU
		{AA3EB0E2-AA60-58EF-B162-61D43A1CB69F}.Release|Any CPU.ActiveCfg = Release|Any CPU
		{AA3EB0E2-AA60-58EF-B162-61D43A1CB69F}.Release|Any CPU.Build.0 = Release|Any CPU
	EndGlobalSection
	GlobalSection(SolutionProperties) = preSolution
		HideSolutionNode = FALSE
	EndGlobalSection
	GlobalSection(ExtensibilityGlobals) = postSolution
		SolutionGuid = {8807D79F-79A7-42B1-8987-923216B60401}
	EndGlobalSection
EndGlobal
